// !$*UTF8*$!
{
	archiveVersion = 1;
	classes = {
	};
	objectVersion = 46;
	objects = {

/* Begin PBXBuildFile section */
		35AB6DF816BEA10000795E57 /* Default-568h@2x.png in Resources */ = {isa = PBXBuildFile; fileRef = 35AB6DF716BEA10000795E57 /* Default-568h@2x.png */; };
		D0B17D4016E9F3E800097A07 /* AddRecordViewController.m in Sources */ = {isa = PBXBuildFile; fileRef = D0B17CFC16E9F3E700097A07 /* AddRecordViewController.m */; };
		D0B17D4116E9F3E800097A07 /* AddRecordViewController.xib in Resources */ = {isa = PBXBuildFile; fileRef = D0B17CFD16E9F3E700097A07 /* AddRecordViewController.xib */; };
		D0B17D4216E9F3E800097A07 /* AppDelegate.m in Sources */ = {isa = PBXBuildFile; fileRef = D0B17CFF16E9F3E700097A07 /* AppDelegate.m */; };
		D0B17D4316E9F3E800097A07 /* BankPickerViewController.m in Sources */ = {isa = PBXBuildFile; fileRef = D0B17D0116E9F3E700097A07 /* BankPickerViewController.m */; };
		D0B17D4416E9F3E800097A07 /* BankPickerViewController.xib in Resources */ = {isa = PBXBuildFile; fileRef = D0B17D0216E9F3E700097A07 /* BankPickerViewController.xib */; };
		D0B17D4516E9F3E800097A07 /* Calculator.m in Sources */ = {isa = PBXBuildFile; fileRef = D0B17D0416E9F3E700097A07 /* Calculator.m */; };
		D0B17D4616E9F3E800097A07 /* DatePickerViewController.m in Sources */ = {isa = PBXBuildFile; fileRef = D0B17D0616E9F3E700097A07 /* DatePickerViewController.m */; };
		D0B17D4716E9F3E800097A07 /* DatePickerViewController.xib in Resources */ = {isa = PBXBuildFile; fileRef = D0B17D0716E9F3E700097A07 /* DatePickerViewController.xib */; };
		D0B17D4816E9F3E800097A07 /* DimBoardTabBarViewController.m in Sources */ = {isa = PBXBuildFile; fileRef = D0B17D0A16E9F3E800097A07 /* DimBoardTabBarViewController.m */; };
		D0B17D4916E9F3E800097A07 /* GridCell.m in Sources */ = {isa = PBXBuildFile; fileRef = D0B17D0C16E9F3E800097A07 /* GridCell.m */; };
		D0B17D4A16E9F3E800097A07 /* GridCellViewController.m in Sources */ = {isa = PBXBuildFile; fileRef = D0B17D0E16E9F3E800097A07 /* GridCellViewController.m */; };
		D0B17D4B16E9F3E800097A07 /* GridCellViewController.xib in Resources */ = {isa = PBXBuildFile; fileRef = D0B17D0F16E9F3E800097A07 /* GridCellViewController.xib */; };
		D0B17D4C16E9F3E800097A07 /* InputCell.m in Sources */ = {isa = PBXBuildFile; fileRef = D0B17D1116E9F3E800097A07 /* InputCell.m */; };
		D0B17D4D16E9F3E800097A07 /* InputCellViewController.m in Sources */ = {isa = PBXBuildFile; fileRef = D0B17D1316E9F3E800097A07 /* InputCellViewController.m */; };
		D0B17D4E16E9F3E800097A07 /* InputCellViewController.xib in Resources */ = {isa = PBXBuildFile; fileRef = D0B17D1416E9F3E800097A07 /* InputCellViewController.xib */; };
		D0B17D5016E9F3E800097A07 /* MortgageCalViewController.m in Sources */ = {isa = PBXBuildFile; fileRef = D0B17D1716E9F3E800097A07 /* MortgageCalViewController.m */; };
		D0B17D5116E9F3E800097A07 /* MortgageCalViewController.xib in Resources */ = {isa = PBXBuildFile; fileRef = D0B17D1816E9F3E800097A07 /* MortgageCalViewController.xib */; };
		D0B17D5216E9F3E800097A07 /* MortgageDataType.m in Sources */ = {isa = PBXBuildFile; fileRef = D0B17D1A16E9F3E800097A07 /* MortgageDataType.m */; };
		D0B17D5316E9F3E800097A07 /* MortgageDetailViewController.m in Sources */ = {isa = PBXBuildFile; fileRef = D0B17D1C16E9F3E800097A07 /* MortgageDetailViewController.m */; };
		D0B17D5416E9F3E800097A07 /* MortgageDetailViewController.xib in Resources */ = {isa = PBXBuildFile; fileRef = D0B17D1D16E9F3E800097A07 /* MortgageDetailViewController.xib */; };
		D0B17D5516E9F3E800097A07 /* MortgageMonthlyPayViewController.m in Sources */ = {isa = PBXBuildFile; fileRef = D0B17D1F16E9F3E800097A07 /* MortgageMonthlyPayViewController.m */; };
		D0B17D5616E9F3E800097A07 /* MortgageMonthlyPayViewController.xib in Resources */ = {isa = PBXBuildFile; fileRef = D0B17D2016E9F3E800097A07 /* MortgageMonthlyPayViewController.xib */; };
		D0B17D5916E9F3E800097A07 /* MortgageRecordIO.m in Sources */ = {isa = PBXBuildFile; fileRef = D0B17D2516E9F3E800097A07 /* MortgageRecordIO.m */; };
		D0B17D5A16E9F3E800097A07 /* MortgageRecordViewController.m in Sources */ = {isa = PBXBuildFile; fileRef = D0B17D2716E9F3E800097A07 /* MortgageRecordViewController.m */; };
		D0B17D5B16E9F3E800097A07 /* MortgageRecordViewController.xib in Resources */ = {isa = PBXBuildFile; fileRef = D0B17D2816E9F3E800097A07 /* MortgageRecordViewController.xib */; };
		D0B17D5E16E9F3E800097A07 /* PieChartCell.m in Sources */ = {isa = PBXBuildFile; fileRef = D0B17D2D16E9F3E800097A07 /* PieChartCell.m */; };
		D0B17D5F16E9F3E800097A07 /* PieChartCellViewController.m in Sources */ = {isa = PBXBuildFile; fileRef = D0B17D2F16E9F3E800097A07 /* PieChartCellViewController.m */; };
		D0B17D6016E9F3E800097A07 /* PieChartCellViewController.xib in Resources */ = {isa = PBXBuildFile; fileRef = D0B17D3016E9F3E800097A07 /* PieChartCellViewController.xib */; };
		D0B17D6116E9F3E800097A07 /* RecordCell.m in Sources */ = {isa = PBXBuildFile; fileRef = D0B17D3216E9F3E800097A07 /* RecordCell.m */; };
		D0B17D6216E9F3E800097A07 /* RecordCellViewController.m in Sources */ = {isa = PBXBuildFile; fileRef = D0B17D3416E9F3E800097A07 /* RecordCellViewController.m */; };
		D0B17D6316E9F3E800097A07 /* RecordCellViewController.xib in Resources */ = {isa = PBXBuildFile; fileRef = D0B17D3516E9F3E800097A07 /* RecordCellViewController.xib */; };
		D0B17D6416E9F3E800097A07 /* RecordDetailViewController.m in Sources */ = {isa = PBXBuildFile; fileRef = D0B17D3716E9F3E800097A07 /* RecordDetailViewController.m */; };
		D0B17D6516E9F3E800097A07 /* RecordDetailViewController.xib in Resources */ = {isa = PBXBuildFile; fileRef = D0B17D3816E9F3E800097A07 /* RecordDetailViewController.xib */; };
		D0B17D6616E9F3E800097A07 /* SliderCell.m in Sources */ = {isa = PBXBuildFile; fileRef = D0B17D3A16E9F3E800097A07 /* SliderCell.m */; };
		D0B17D6716E9F3E800097A07 /* SliderCellViewController.m in Sources */ = {isa = PBXBuildFile; fileRef = D0B17D3C16E9F3E800097A07 /* SliderCellViewController.m */; };
		D0B17D6816E9F3E800097A07 /* SliderCellViewController.xib in Resources */ = {isa = PBXBuildFile; fileRef = D0B17D3D16E9F3E800097A07 /* SliderCellViewController.xib */; };
		FB78592916C1040100C63D08 /* XYPieChart.m in Sources */ = {isa = PBXBuildFile; fileRef = FB78592816C1040100C63D08 /* XYPieChart.m */; };
		FB78592B16C104EC00C63D08 /* QuartzCore.framework in Frameworks */ = {isa = PBXBuildFile; fileRef = FB78592A16C104EC00C63D08 /* QuartzCore.framework */; };
		FB7ADE2716F1767500CB0263 /* add.png in Resources */ = {isa = PBXBuildFile; fileRef = FB7ADE1716F1767500CB0263 /* add.png */; };
		FB7ADE2816F1767500CB0263 /* add2.png in Resources */ = {isa = PBXBuildFile; fileRef = FB7ADE1816F1767500CB0263 /* add2.png */; };
		FB7ADE2916F1767500CB0263 /* cal.png in Resources */ = {isa = PBXBuildFile; fileRef = FB7ADE1916F1767500CB0263 /* cal.png */; };
		FB7ADE2A16F1767500CB0263 /* down.png in Resources */ = {isa = PBXBuildFile; fileRef = FB7ADE1A16F1767500CB0263 /* down.png */; };
		FB7ADE2B16F1767500CB0263 /* house1.png in Resources */ = {isa = PBXBuildFile; fileRef = FB7ADE1B16F1767500CB0263 /* house1.png */; };
		FB7ADE2C16F1767500CB0263 /* house2.png in Resources */ = {isa = PBXBuildFile; fileRef = FB7ADE1C16F1767500CB0263 /* house2.png */; };
		FB7ADE2D16F1767500CB0263 /* house3.png in Resources */ = {isa = PBXBuildFile; fileRef = FB7ADE1D16F1767500CB0263 /* house3.png */; };
		FB7ADE2E16F1767500CB0263 /* icon_128x128.png in Resources */ = {isa = PBXBuildFile; fileRef = FB7ADE1E16F1767500CB0263 /* icon_128x128.png */; };
		FB7ADE2F16F1767500CB0263 /* icon_16x16.png in Resources */ = {isa = PBXBuildFile; fileRef = FB7ADE1F16F1767500CB0263 /* icon_16x16.png */; };
		FB7ADE3016F1767500CB0263 /* icon_256x256.png in Resources */ = {isa = PBXBuildFile; fileRef = FB7ADE2016F1767500CB0263 /* icon_256x256.png */; };
		FB7ADE3116F1767500CB0263 /* icon_32x32.png in Resources */ = {isa = PBXBuildFile; fileRef = FB7ADE2116F1767500CB0263 /* icon_32x32.png */; };
		FB7ADE3216F1767500CB0263 /* icon_64x64.png in Resources */ = {isa = PBXBuildFile; fileRef = FB7ADE2216F1767500CB0263 /* icon_64x64.png */; };
		FB7ADE3316F1767500CB0263 /* minus.png in Resources */ = {isa = PBXBuildFile; fileRef = FB7ADE2316F1767500CB0263 /* minus.png */; };
		FB7ADE3416F1767500CB0263 /* minus2.png in Resources */ = {isa = PBXBuildFile; fileRef = FB7ADE2416F1767500CB0263 /* minus2.png */; };
		FB7ADE3516F1767500CB0263 /* record.png in Resources */ = {isa = PBXBuildFile; fileRef = FB7ADE2516F1767500CB0263 /* record.png */; };
		FB7ADE3616F1767500CB0263 /* up.png in Resources */ = {isa = PBXBuildFile; fileRef = FB7ADE2616F1767500CB0263 /* up.png */; };
		FB7ADE3916F176CF00CB0263 /* Localizable.strings in Resources */ = {isa = PBXBuildFile; fileRef = FB7ADE3B16F176CF00CB0263 /* Localizable.strings */; };
		FBF3C85616B920D400790005 /* UIKit.framework in Frameworks */ = {isa = PBXBuildFile; fileRef = FBF3C85516B920D400790005 /* UIKit.framework */; };
		FBF3C85816B920D400790005 /* Foundation.framework in Frameworks */ = {isa = PBXBuildFile; fileRef = FBF3C85716B920D400790005 /* Foundation.framework */; };
		FBF3C85A16B920D400790005 /* CoreGraphics.framework in Frameworks */ = {isa = PBXBuildFile; fileRef = FBF3C85916B920D400790005 /* CoreGraphics.framework */; };
		FBF3C86216B920D400790005 /* main.m in Sources */ = {isa = PBXBuildFile; fileRef = FBF3C86116B920D400790005 /* main.m */; };
/* End PBXBuildFile section */

/* Begin PBXFileReference section */
		35AB6DF716BEA10000795E57 /* Default-568h@2x.png */ = {isa = PBXFileReference; lastKnownFileType = image.png; path = "Default-568h@2x.png"; sourceTree = "<group>"; };
		D0B17CFB16E9F3E700097A07 /* AddRecordViewController.h */ = {isa = PBXFileReference; fileEncoding = 4; lastKnownFileType = sourcecode.c.h; path = AddRecordViewController.h; sourceTree = "<group>"; };
		D0B17CFC16E9F3E700097A07 /* AddRecordViewController.m */ = {isa = PBXFileReference; fileEncoding = 4; lastKnownFileType = sourcecode.c.objc; lineEnding = 0; path = AddRecordViewController.m; sourceTree = "<group>"; xcLanguageSpecificationIdentifier = xcode.lang.objc; };
		D0B17CFD16E9F3E700097A07 /* AddRecordViewController.xib */ = {isa = PBXFileReference; fileEncoding = 4; lastKnownFileType = file.xib; path = AddRecordViewController.xib; sourceTree = "<group>"; };
		D0B17CFE16E9F3E700097A07 /* AppDelegate.h */ = {isa = PBXFileReference; fileEncoding = 4; lastKnownFileType = sourcecode.c.h; name = AppDelegate.h; path = Classes/AppDelegate.h; sourceTree = "<group>"; };
		D0B17CFF16E9F3E700097A07 /* AppDelegate.m */ = {isa = PBXFileReference; fileEncoding = 4; lastKnownFileType = sourcecode.c.objc; name = AppDelegate.m; path = Classes/AppDelegate.m; sourceTree = "<group>"; };
		D0B17D0016E9F3E700097A07 /* BankPickerViewController.h */ = {isa = PBXFileReference; fileEncoding = 4; lastKnownFileType = sourcecode.c.h; path = BankPickerViewController.h; sourceTree = "<group>"; };
		D0B17D0116E9F3E700097A07 /* BankPickerViewController.m */ = {isa = PBXFileReference; fileEncoding = 4; lastKnownFileType = sourcecode.c.objc; path = BankPickerViewController.m; sourceTree = "<group>"; };
		D0B17D0216E9F3E700097A07 /* BankPickerViewController.xib */ = {isa = PBXFileReference; fileEncoding = 4; lastKnownFileType = file.xib; path = BankPickerViewController.xib; sourceTree = "<group>"; };
		D0B17D0316E9F3E700097A07 /* Calculator.h */ = {isa = PBXFileReference; fileEncoding = 4; lastKnownFileType = sourcecode.c.h; path = Calculator.h; sourceTree = "<group>"; };
		D0B17D0416E9F3E700097A07 /* Calculator.m */ = {isa = PBXFileReference; fileEncoding = 4; lastKnownFileType = sourcecode.c.objc; path = Calculator.m; sourceTree = "<group>"; };
		D0B17D0516E9F3E700097A07 /* DatePickerViewController.h */ = {isa = PBXFileReference; fileEncoding = 4; lastKnownFileType = sourcecode.c.h; path = DatePickerViewController.h; sourceTree = "<group>"; };
		D0B17D0616E9F3E700097A07 /* DatePickerViewController.m */ = {isa = PBXFileReference; fileEncoding = 4; lastKnownFileType = sourcecode.c.objc; path = DatePickerViewController.m; sourceTree = "<group>"; };
		D0B17D0716E9F3E700097A07 /* DatePickerViewController.xib */ = {isa = PBXFileReference; fileEncoding = 4; lastKnownFileType = file.xib; path = DatePickerViewController.xib; sourceTree = "<group>"; };
		D0B17D0816E9F3E700097A07 /* DimBoardNotifications.h */ = {isa = PBXFileReference; fileEncoding = 4; lastKnownFileType = sourcecode.c.h; path = DimBoardNotifications.h; sourceTree = "<group>"; };
		D0B17D0916E9F3E700097A07 /* DimBoardTabBarViewController.h */ = {isa = PBXFileReference; fileEncoding = 4; lastKnownFileType = sourcecode.c.h; path = DimBoardTabBarViewController.h; sourceTree = "<group>"; };
		D0B17D0A16E9F3E800097A07 /* DimBoardTabBarViewController.m */ = {isa = PBXFileReference; fileEncoding = 4; lastKnownFileType = sourcecode.c.objc; path = DimBoardTabBarViewController.m; sourceTree = "<group>"; };
		D0B17D0B16E9F3E800097A07 /* GridCell.h */ = {isa = PBXFileReference; fileEncoding = 4; lastKnownFileType = sourcecode.c.h; name = GridCell.h; path = Classes/GridCell.h; sourceTree = "<group>"; };
		D0B17D0C16E9F3E800097A07 /* GridCell.m */ = {isa = PBXFileReference; fileEncoding = 4; lastKnownFileType = sourcecode.c.objc; name = GridCell.m; path = Classes/GridCell.m; sourceTree = "<group>"; };
		D0B17D0D16E9F3E800097A07 /* GridCellViewController.h */ = {isa = PBXFileReference; fileEncoding = 4; lastKnownFileType = sourcecode.c.h; name = GridCellViewController.h; path = Classes/GridCellViewController.h; sourceTree = "<group>"; };
		D0B17D0E16E9F3E800097A07 /* GridCellViewController.m */ = {isa = PBXFileReference; fileEncoding = 4; lastKnownFileType = sourcecode.c.objc; name = GridCellViewController.m; path = Classes/GridCellViewController.m; sourceTree = "<group>"; };
		D0B17D0F16E9F3E800097A07 /* GridCellViewController.xib */ = {isa = PBXFileReference; fileEncoding = 4; lastKnownFileType = file.xib; name = GridCellViewController.xib; path = Classes/GridCellViewController.xib; sourceTree = "<group>"; };
		D0B17D1016E9F3E800097A07 /* InputCell.h */ = {isa = PBXFileReference; fileEncoding = 4; lastKnownFileType = sourcecode.c.h; name = InputCell.h; path = Classes/InputCell.h; sourceTree = "<group>"; };
		D0B17D1116E9F3E800097A07 /* InputCell.m */ = {isa = PBXFileReference; fileEncoding = 4; lastKnownFileType = sourcecode.c.objc; name = InputCell.m; path = Classes/InputCell.m; sourceTree = "<group>"; };
		D0B17D1216E9F3E800097A07 /* InputCellViewController.h */ = {isa = PBXFileReference; fileEncoding = 4; lastKnownFileType = sourcecode.c.h; name = InputCellViewController.h; path = Classes/InputCellViewController.h; sourceTree = "<group>"; };
		D0B17D1316E9F3E800097A07 /* InputCellViewController.m */ = {isa = PBXFileReference; fileEncoding = 4; lastKnownFileType = sourcecode.c.objc; name = InputCellViewController.m; path = Classes/InputCellViewController.m; sourceTree = "<group>"; };
		D0B17D1416E9F3E800097A07 /* InputCellViewController.xib */ = {isa = PBXFileReference; fileEncoding = 4; lastKnownFileType = file.xib; name = InputCellViewController.xib; path = Classes/InputCellViewController.xib; sourceTree = "<group>"; };
		D0B17D1616E9F3E800097A07 /* MortgageCalViewController.h */ = {isa = PBXFileReference; fileEncoding = 4; lastKnownFileType = sourcecode.c.h; path = MortgageCalViewController.h; sourceTree = "<group>"; };
		D0B17D1716E9F3E800097A07 /* MortgageCalViewController.m */ = {isa = PBXFileReference; fileEncoding = 4; lastKnownFileType = sourcecode.c.objc; path = MortgageCalViewController.m; sourceTree = "<group>"; };
		D0B17D1816E9F3E800097A07 /* MortgageCalViewController.xib */ = {isa = PBXFileReference; fileEncoding = 4; lastKnownFileType = file.xib; path = MortgageCalViewController.xib; sourceTree = "<group>"; };
		D0B17D1916E9F3E800097A07 /* MortgageDataType.h */ = {isa = PBXFileReference; fileEncoding = 4; lastKnownFileType = sourcecode.c.h; path = MortgageDataType.h; sourceTree = "<group>"; };
		D0B17D1A16E9F3E800097A07 /* MortgageDataType.m */ = {isa = PBXFileReference; fileEncoding = 4; lastKnownFileType = sourcecode.c.objc; path = MortgageDataType.m; sourceTree = "<group>"; };
		D0B17D1B16E9F3E800097A07 /* MortgageDetailViewController.h */ = {isa = PBXFileReference; fileEncoding = 4; lastKnownFileType = sourcecode.c.h; path = MortgageDetailViewController.h; sourceTree = "<group>"; };
		D0B17D1C16E9F3E800097A07 /* MortgageDetailViewController.m */ = {isa = PBXFileReference; fileEncoding = 4; lastKnownFileType = sourcecode.c.objc; path = MortgageDetailViewController.m; sourceTree = "<group>"; };
		D0B17D1D16E9F3E800097A07 /* MortgageDetailViewController.xib */ = {isa = PBXFileReference; fileEncoding = 4; lastKnownFileType = file.xib; path = MortgageDetailViewController.xib; sourceTree = "<group>"; };
		D0B17D1E16E9F3E800097A07 /* MortgageMonthlyPayViewController.h */ = {isa = PBXFileReference; fileEncoding = 4; lastKnownFileType = sourcecode.c.h; path = MortgageMonthlyPayViewController.h; sourceTree = "<group>"; };
		D0B17D1F16E9F3E800097A07 /* MortgageMonthlyPayViewController.m */ = {isa = PBXFileReference; fileEncoding = 4; lastKnownFileType = sourcecode.c.objc; path = MortgageMonthlyPayViewController.m; sourceTree = "<group>"; };
		D0B17D2016E9F3E800097A07 /* MortgageMonthlyPayViewController.xib */ = {isa = PBXFileReference; fileEncoding = 4; lastKnownFileType = file.xib; path = MortgageMonthlyPayViewController.xib; sourceTree = "<group>"; };
		D0B17D2416E9F3E800097A07 /* MortgageRecordIO.h */ = {isa = PBXFileReference; fileEncoding = 4; lastKnownFileType = sourcecode.c.h; path = MortgageRecordIO.h; sourceTree = "<group>"; };
		D0B17D2516E9F3E800097A07 /* MortgageRecordIO.m */ = {isa = PBXFileReference; fileEncoding = 4; lastKnownFileType = sourcecode.c.objc; path = MortgageRecordIO.m; sourceTree = "<group>"; };
		D0B17D2616E9F3E800097A07 /* MortgageRecordViewController.h */ = {isa = PBXFileReference; fileEncoding = 4; lastKnownFileType = sourcecode.c.h; path = MortgageRecordViewController.h; sourceTree = "<group>"; };
		D0B17D2716E9F3E800097A07 /* MortgageRecordViewController.m */ = {isa = PBXFileReference; fileEncoding = 4; lastKnownFileType = sourcecode.c.objc; path = MortgageRecordViewController.m; sourceTree = "<group>"; };
		D0B17D2816E9F3E800097A07 /* MortgageRecordViewController.xib */ = {isa = PBXFileReference; fileEncoding = 4; lastKnownFileType = file.xib; path = MortgageRecordViewController.xib; sourceTree = "<group>"; };
		D0B17D2C16E9F3E800097A07 /* PieChartCell.h */ = {isa = PBXFileReference; fileEncoding = 4; lastKnownFileType = sourcecode.c.h; name = PieChartCell.h; path = Classes/PieChartCell.h; sourceTree = "<group>"; };
		D0B17D2D16E9F3E800097A07 /* PieChartCell.m */ = {isa = PBXFileReference; fileEncoding = 4; lastKnownFileType = sourcecode.c.objc; name = PieChartCell.m; path = Classes/PieChartCell.m; sourceTree = "<group>"; };
		D0B17D2E16E9F3E800097A07 /* PieChartCellViewController.h */ = {isa = PBXFileReference; fileEncoding = 4; lastKnownFileType = sourcecode.c.h; name = PieChartCellViewController.h; path = Classes/PieChartCellViewController.h; sourceTree = "<group>"; };
		D0B17D2F16E9F3E800097A07 /* PieChartCellViewController.m */ = {isa = PBXFileReference; fileEncoding = 4; lastKnownFileType = sourcecode.c.objc; name = PieChartCellViewController.m; path = Classes/PieChartCellViewController.m; sourceTree = "<group>"; };
		D0B17D3016E9F3E800097A07 /* PieChartCellViewController.xib */ = {isa = PBXFileReference; fileEncoding = 4; lastKnownFileType = file.xib; name = PieChartCellViewController.xib; path = Classes/PieChartCellViewController.xib; sourceTree = "<group>"; };
		D0B17D3116E9F3E800097A07 /* RecordCell.h */ = {isa = PBXFileReference; fileEncoding = 4; lastKnownFileType = sourcecode.c.h; name = RecordCell.h; path = Classes/RecordCell.h; sourceTree = "<group>"; };
		D0B17D3216E9F3E800097A07 /* RecordCell.m */ = {isa = PBXFileReference; fileEncoding = 4; lastKnownFileType = sourcecode.c.objc; name = RecordCell.m; path = Classes/RecordCell.m; sourceTree = "<group>"; };
		D0B17D3316E9F3E800097A07 /* RecordCellViewController.h */ = {isa = PBXFileReference; fileEncoding = 4; lastKnownFileType = sourcecode.c.h; name = RecordCellViewController.h; path = Classes/RecordCellViewController.h; sourceTree = "<group>"; };
		D0B17D3416E9F3E800097A07 /* RecordCellViewController.m */ = {isa = PBXFileReference; fileEncoding = 4; lastKnownFileType = sourcecode.c.objc; name = RecordCellViewController.m; path = Classes/RecordCellViewController.m; sourceTree = "<group>"; };
		D0B17D3516E9F3E800097A07 /* RecordCellViewController.xib */ = {isa = PBXFileReference; fileEncoding = 4; lastKnownFileType = file.xib; name = RecordCellViewController.xib; path = Classes/RecordCellViewController.xib; sourceTree = "<group>"; };
		D0B17D3616E9F3E800097A07 /* RecordDetailViewController.h */ = {isa = PBXFileReference; fileEncoding = 4; lastKnownFileType = sourcecode.c.h; path = RecordDetailViewController.h; sourceTree = "<group>"; };
		D0B17D3716E9F3E800097A07 /* RecordDetailViewController.m */ = {isa = PBXFileReference; fileEncoding = 4; lastKnownFileType = sourcecode.c.objc; path = RecordDetailViewController.m; sourceTree = "<group>"; };
		D0B17D3816E9F3E800097A07 /* RecordDetailViewController.xib */ = {isa = PBXFileReference; fileEncoding = 4; lastKnownFileType = file.xib; path = RecordDetailViewController.xib; sourceTree = "<group>"; };
		D0B17D3916E9F3E800097A07 /* SliderCell.h */ = {isa = PBXFileReference; fileEncoding = 4; lastKnownFileType = sourcecode.c.h; name = SliderCell.h; path = Classes/SliderCell.h; sourceTree = "<group>"; };
		D0B17D3A16E9F3E800097A07 /* SliderCell.m */ = {isa = PBXFileReference; fileEncoding = 4; lastKnownFileType = sourcecode.c.objc; name = SliderCell.m; path = Classes/SliderCell.m; sourceTree = "<group>"; };
		D0B17D3B16E9F3E800097A07 /* SliderCellViewController.h */ = {isa = PBXFileReference; fileEncoding = 4; lastKnownFileType = sourcecode.c.h; name = SliderCellViewController.h; path = Classes/SliderCellViewController.h; sourceTree = "<group>"; };
		D0B17D3C16E9F3E800097A07 /* SliderCellViewController.m */ = {isa = PBXFileReference; fileEncoding = 4; lastKnownFileType = sourcecode.c.objc; name = SliderCellViewController.m; path = Classes/SliderCellViewController.m; sourceTree = "<group>"; };
		D0B17D3D16E9F3E800097A07 /* SliderCellViewController.xib */ = {isa = PBXFileReference; fileEncoding = 4; lastKnownFileType = file.xib; name = SliderCellViewController.xib; path = Classes/SliderCellViewController.xib; sourceTree = "<group>"; };
		D0B17D9316E9F67000097A07 /* UpdateRecordItemProtocol.h */ = {isa = PBXFileReference; fileEncoding = 4; lastKnownFileType = sourcecode.c.h; path = UpdateRecordItemProtocol.h; sourceTree = "<group>"; };
		FB78592716C1040100C63D08 /* XYPieChart.h */ = {isa = PBXFileReference; fileEncoding = 4; lastKnownFileType = sourcecode.c.h; path = XYPieChart.h; sourceTree = "<group>"; };
		FB78592816C1040100C63D08 /* XYPieChart.m */ = {isa = PBXFileReference; fileEncoding = 4; lastKnownFileType = sourcecode.c.objc; path = XYPieChart.m; sourceTree = "<group>"; };
		FB78592A16C104EC00C63D08 /* QuartzCore.framework */ = {isa = PBXFileReference; lastKnownFileType = wrapper.framework; name = QuartzCore.framework; path = System/Library/Frameworks/QuartzCore.framework; sourceTree = SDKROOT; };
		FB7ADE1716F1767500CB0263 /* add.png */ = {isa = PBXFileReference; lastKnownFileType = image.png; path = add.png; sourceTree = "<group>"; };
		FB7ADE1816F1767500CB0263 /* add2.png */ = {isa = PBXFileReference; lastKnownFileType = image.png; path = add2.png; sourceTree = "<group>"; };
		FB7ADE1916F1767500CB0263 /* cal.png */ = {isa = PBXFileReference; lastKnownFileType = image.png; path = cal.png; sourceTree = "<group>"; };
		FB7ADE1A16F1767500CB0263 /* down.png */ = {isa = PBXFileReference; lastKnownFileType = image.png; path = down.png; sourceTree = "<group>"; };
		FB7ADE1B16F1767500CB0263 /* house1.png */ = {isa = PBXFileReference; lastKnownFileType = image.png; path = house1.png; sourceTree = "<group>"; };
		FB7ADE1C16F1767500CB0263 /* house2.png */ = {isa = PBXFileReference; lastKnownFileType = image.png; path = house2.png; sourceTree = "<group>"; };
		FB7ADE1D16F1767500CB0263 /* house3.png */ = {isa = PBXFileReference; lastKnownFileType = image.png; path = house3.png; sourceTree = "<group>"; };
		FB7ADE1E16F1767500CB0263 /* icon_128x128.png */ = {isa = PBXFileReference; lastKnownFileType = image.png; path = icon_128x128.png; sourceTree = "<group>"; };
		FB7ADE1F16F1767500CB0263 /* icon_16x16.png */ = {isa = PBXFileReference; lastKnownFileType = image.png; path = icon_16x16.png; sourceTree = "<group>"; };
		FB7ADE2016F1767500CB0263 /* icon_256x256.png */ = {isa = PBXFileReference; lastKnownFileType = image.png; path = icon_256x256.png; sourceTree = "<group>"; };
		FB7ADE2116F1767500CB0263 /* icon_32x32.png */ = {isa = PBXFileReference; lastKnownFileType = image.png; path = icon_32x32.png; sourceTree = "<group>"; };
		FB7ADE2216F1767500CB0263 /* icon_64x64.png */ = {isa = PBXFileReference; lastKnownFileType = image.png; path = icon_64x64.png; sourceTree = "<group>"; };
		FB7ADE2316F1767500CB0263 /* minus.png */ = {isa = PBXFileReference; lastKnownFileType = image.png; path = minus.png; sourceTree = "<group>"; };
		FB7ADE2416F1767500CB0263 /* minus2.png */ = {isa = PBXFileReference; lastKnownFileType = image.png; path = minus2.png; sourceTree = "<group>"; };
		FB7ADE2516F1767500CB0263 /* record.png */ = {isa = PBXFileReference; lastKnownFileType = image.png; path = record.png; sourceTree = "<group>"; };
		FB7ADE2616F1767500CB0263 /* up.png */ = {isa = PBXFileReference; lastKnownFileType = image.png; path = up.png; sourceTree = "<group>"; };
		FB7ADE3A16F176CF00CB0263 /* en */ = {isa = PBXFileReference; lastKnownFileType = file; name = en; path = en.lproj/Localizable.strings; sourceTree = "<group>"; };
		FBF3C85116B920D400790005 /* DimBoard.app */ = {isa = PBXFileReference; explicitFileType = wrapper.application; includeInIndex = 0; path = DimBoard.app; sourceTree = BUILT_PRODUCTS_DIR; };
		FBF3C85516B920D400790005 /* UIKit.framework */ = {isa = PBXFileReference; lastKnownFileType = wrapper.framework; name = UIKit.framework; path = System/Library/Frameworks/UIKit.framework; sourceTree = SDKROOT; };
		FBF3C85716B920D400790005 /* Foundation.framework */ = {isa = PBXFileReference; lastKnownFileType = wrapper.framework; name = Foundation.framework; path = System/Library/Frameworks/Foundation.framework; sourceTree = SDKROOT; };
		FBF3C85916B920D400790005 /* CoreGraphics.framework */ = {isa = PBXFileReference; lastKnownFileType = wrapper.framework; name = CoreGraphics.framework; path = System/Library/Frameworks/CoreGraphics.framework; sourceTree = SDKROOT; };
		FBF3C85D16B920D400790005 /* DimBoard-Info.plist */ = {isa = PBXFileReference; lastKnownFileType = text.plist.xml; path = "DimBoard-Info.plist"; sourceTree = "<group>"; };
		FBF3C86116B920D400790005 /* main.m */ = {isa = PBXFileReference; lastKnownFileType = sourcecode.c.objc; path = main.m; sourceTree = "<group>"; };
		FBF3C86316B920D400790005 /* DimBoard-Prefix.pch */ = {isa = PBXFileReference; lastKnownFileType = sourcecode.c.h; path = "DimBoard-Prefix.pch"; sourceTree = "<group>"; };
/* End PBXFileReference section */

/* Begin PBXFrameworksBuildPhase section */
		FBF3C84E16B920D400790005 /* Frameworks */ = {
			isa = PBXFrameworksBuildPhase;
			buildActionMask = 2147483647;
			files = (
				FB78592B16C104EC00C63D08 /* QuartzCore.framework in Frameworks */,
				FBF3C85616B920D400790005 /* UIKit.framework in Frameworks */,
				FBF3C85816B920D400790005 /* Foundation.framework in Frameworks */,
				FBF3C85A16B920D400790005 /* CoreGraphics.framework in Frameworks */,
			);
			runOnlyForDeploymentPostprocessing = 0;
		};
/* End PBXFrameworksBuildPhase section */

/* Begin PBXGroup section */
		D0B17CFA16E9F3E700097A07 /* Classes */ = {
			isa = PBXGroup;
			children = (
				D0B17D0316E9F3E700097A07 /* Calculator.h */,
				D0B17D0416E9F3E700097A07 /* Calculator.m */,
				D0B17D1916E9F3E800097A07 /* MortgageDataType.h */,
				D0B17D1A16E9F3E800097A07 /* MortgageDataType.m */,
				D0B17D2416E9F3E800097A07 /* MortgageRecordIO.h */,
				D0B17D2516E9F3E800097A07 /* MortgageRecordIO.m */,
				D0B17D0916E9F3E700097A07 /* DimBoardTabBarViewController.h */,
				D0B17D0A16E9F3E800097A07 /* DimBoardTabBarViewController.m */,
				D0B17D0816E9F3E700097A07 /* DimBoardNotifications.h */,
				D0B17D9316E9F67000097A07 /* UpdateRecordItemProtocol.h */,
				D0B17D1616E9F3E800097A07 /* MortgageCalViewController.h */,
				D0B17D1716E9F3E800097A07 /* MortgageCalViewController.m */,
				D0B17D1816E9F3E800097A07 /* MortgageCalViewController.xib */,
				D0B17D1B16E9F3E800097A07 /* MortgageDetailViewController.h */,
				D0B17D1C16E9F3E800097A07 /* MortgageDetailViewController.m */,
				D0B17D1D16E9F3E800097A07 /* MortgageDetailViewController.xib */,
				D0B17D2616E9F3E800097A07 /* MortgageRecordViewController.h */,
				D0B17D2716E9F3E800097A07 /* MortgageRecordViewController.m */,
				D0B17D2816E9F3E800097A07 /* MortgageRecordViewController.xib */,
				D0B17CFB16E9F3E700097A07 /* AddRecordViewController.h */,
				D0B17CFC16E9F3E700097A07 /* AddRecordViewController.m */,
				D0B17CFD16E9F3E700097A07 /* AddRecordViewController.xib */,
				D0B17D3616E9F3E800097A07 /* RecordDetailViewController.h */,
				D0B17D3716E9F3E800097A07 /* RecordDetailViewController.m */,
				D0B17D3816E9F3E800097A07 /* RecordDetailViewController.xib */,
				D0B17D0016E9F3E700097A07 /* BankPickerViewController.h */,
				D0B17D1E16E9F3E800097A07 /* MortgageMonthlyPayViewController.h */,
				D0B17D1F16E9F3E800097A07 /* MortgageMonthlyPayViewController.m */,
				D0B17D2016E9F3E800097A07 /* MortgageMonthlyPayViewController.xib */,
				D0B17D0116E9F3E700097A07 /* BankPickerViewController.m */,
				D0B17D0216E9F3E700097A07 /* BankPickerViewController.xib */,
				D0B17D0516E9F3E700097A07 /* DatePickerViewController.h */,
				D0B17D0616E9F3E700097A07 /* DatePickerViewController.m */,
				D0B17D0716E9F3E700097A07 /* DatePickerViewController.xib */,
			);
			path = Classes;
			sourceTree = "<group>";
		};
		FB78592616C1040100C63D08 /* XYPieChart */ = {
			isa = PBXGroup;
			children = (
				FB78592716C1040100C63D08 /* XYPieChart.h */,
				FB78592816C1040100C63D08 /* XYPieChart.m */,
			);
			path = XYPieChart;
			sourceTree = "<group>";
		};
		FB7ADE1516F1767500CB0263 /* Res */ = {
			isa = PBXGroup;
			children = (
				FB7ADE1616F1767500CB0263 /* Images */,
				FB7ADE3B16F176CF00CB0263 /* Localizable.strings */,
			);
			name = Res;
			path = DimBoard/Res;
			sourceTree = "<group>";
		};
		FB7ADE1616F1767500CB0263 /* Images */ = {
			isa = PBXGroup;
			children = (
				FB7ADE1716F1767500CB0263 /* add.png */,
				FB7ADE1816F1767500CB0263 /* add2.png */,
				FB7ADE1916F1767500CB0263 /* cal.png */,
				FB7ADE1A16F1767500CB0263 /* down.png */,
				FB7ADE1B16F1767500CB0263 /* house1.png */,
				FB7ADE1C16F1767500CB0263 /* house2.png */,
				FB7ADE1D16F1767500CB0263 /* house3.png */,
				FB7ADE1E16F1767500CB0263 /* icon_128x128.png */,
				FB7ADE1F16F1767500CB0263 /* icon_16x16.png */,
				FB7ADE2016F1767500CB0263 /* icon_256x256.png */,
				FB7ADE2116F1767500CB0263 /* icon_32x32.png */,
				FB7ADE2216F1767500CB0263 /* icon_64x64.png */,
				FB7ADE2316F1767500CB0263 /* minus.png */,
				FB7ADE2416F1767500CB0263 /* minus2.png */,
				FB7ADE2516F1767500CB0263 /* record.png */,
				FB7ADE2616F1767500CB0263 /* up.png */,
			);
			path = Images;
			sourceTree = "<group>";
		};
		FBB0A43216D34A9F00F087EE /* Customized UITableViewCell */ = {
			isa = PBXGroup;
			children = (
				D0B17D3916E9F3E800097A07 /* SliderCell.h */,
				D0B17D3A16E9F3E800097A07 /* SliderCell.m */,
				D0B17D3B16E9F3E800097A07 /* SliderCellViewController.h */,
				D0B17D3C16E9F3E800097A07 /* SliderCellViewController.m */,
				D0B17D3D16E9F3E800097A07 /* SliderCellViewController.xib */,
				D0B17D0B16E9F3E800097A07 /* GridCell.h */,
				D0B17D0C16E9F3E800097A07 /* GridCell.m */,
				D0B17D0D16E9F3E800097A07 /* GridCellViewController.h */,
				D0B17D0E16E9F3E800097A07 /* GridCellViewController.m */,
				D0B17D0F16E9F3E800097A07 /* GridCellViewController.xib */,
				D0B17D1016E9F3E800097A07 /* InputCell.h */,
				D0B17D1116E9F3E800097A07 /* InputCell.m */,
				D0B17D1216E9F3E800097A07 /* InputCellViewController.h */,
				D0B17D1316E9F3E800097A07 /* InputCellViewController.m */,
				D0B17D1416E9F3E800097A07 /* InputCellViewController.xib */,
				D0B17D2C16E9F3E800097A07 /* PieChartCell.h */,
				D0B17D2D16E9F3E800097A07 /* PieChartCell.m */,
				D0B17D2E16E9F3E800097A07 /* PieChartCellViewController.h */,
				D0B17D2F16E9F3E800097A07 /* PieChartCellViewController.m */,
				D0B17D3016E9F3E800097A07 /* PieChartCellViewController.xib */,
				D0B17D3116E9F3E800097A07 /* RecordCell.h */,
				D0B17D3216E9F3E800097A07 /* RecordCell.m */,
				D0B17D3316E9F3E800097A07 /* RecordCellViewController.h */,
				D0B17D3416E9F3E800097A07 /* RecordCellViewController.m */,
				D0B17D3516E9F3E800097A07 /* RecordCellViewController.xib */,
			);
			name = "Customized UITableViewCell";
			sourceTree = "<group>";
		};
		FBF3C84616B920D400790005 = {
			isa = PBXGroup;
			children = (
				FB78592A16C104EC00C63D08 /* QuartzCore.framework */,
				35AB6DF716BEA10000795E57 /* Default-568h@2x.png */,
				FBF3C85B16B920D400790005 /* DimBoard */,
				FB7ADE1516F1767500CB0263 /* Res */,
				FBF3C85416B920D400790005 /* Frameworks */,
				FBF3C85216B920D400790005 /* Products */,
			);
			sourceTree = "<group>";
		};
		FBF3C85216B920D400790005 /* Products */ = {
			isa = PBXGroup;
			children = (
				FBF3C85116B920D400790005 /* DimBoard.app */,
			);
			name = Products;
			sourceTree = "<group>";
		};
		FBF3C85416B920D400790005 /* Frameworks */ = {
			isa = PBXGroup;
			children = (
				FBF3C85516B920D400790005 /* UIKit.framework */,
				FBF3C85716B920D400790005 /* Foundation.framework */,
				FBF3C85916B920D400790005 /* CoreGraphics.framework */,
			);
			name = Frameworks;
			sourceTree = "<group>";
		};
		FBF3C85B16B920D400790005 /* DimBoard */ = {
			isa = PBXGroup;
			children = (
				FBF3C85C16B920D400790005 /* Supporting Files */,
				D0B17CFE16E9F3E700097A07 /* AppDelegate.h */,
				D0B17CFF16E9F3E700097A07 /* AppDelegate.m */,
				D0B17CFA16E9F3E700097A07 /* Classes */,
				FBB0A43216D34A9F00F087EE /* Customized UITableViewCell */,
				FB78592616C1040100C63D08 /* XYPieChart */,
			);
			path = DimBoard;
			sourceTree = "<group>";
		};
		FBF3C85C16B920D400790005 /* Supporting Files */ = {
			isa = PBXGroup;
			children = (
				FBF3C85D16B920D400790005 /* DimBoard-Info.plist */,
				FBF3C86116B920D400790005 /* main.m */,
				FBF3C86316B920D400790005 /* DimBoard-Prefix.pch */,
			);
			name = "Supporting Files";
			sourceTree = "<group>";
		};
/* End PBXGroup section */

/* Begin PBXNativeTarget section */
		FBF3C85016B920D400790005 /* DimBoard */ = {
			isa = PBXNativeTarget;
			buildConfigurationList = FBF3C86F16B920D400790005 /* Build configuration list for PBXNativeTarget "DimBoard" */;
			buildPhases = (
				FBF3C84D16B920D400790005 /* Sources */,
				FBF3C84E16B920D400790005 /* Frameworks */,
				FBF3C84F16B920D400790005 /* Resources */,
			);
			buildRules = (
			);
			dependencies = (
			);
			name = DimBoard;
			productName = DimBoard;
			productReference = FBF3C85116B920D400790005 /* DimBoard.app */;
			productType = "com.apple.product-type.application";
		};
/* End PBXNativeTarget section */

/* Begin PBXProject section */
		FBF3C84816B920D400790005 /* Project object */ = {
			isa = PBXProject;
			attributes = {
				LastUpgradeCheck = 0460;
				ORGANIZATIONNAME = LCYY;
			};
			buildConfigurationList = FBF3C84B16B920D400790005 /* Build configuration list for PBXProject "DimBoard" */;
			compatibilityVersion = "Xcode 3.2";
			developmentRegion = English;
			hasScannedForEncodings = 0;
			knownRegions = (
				en,
				"zh-Hans",
				"zh-Hant",
				"zh-Hant-HK",
				"zh-Hans-HK",
				"zh-Hans-CN",
				"zh-Hant-MO",
			);
			mainGroup = FBF3C84616B920D400790005;
			productRefGroup = FBF3C85216B920D400790005 /* Products */;
			projectDirPath = "";
			projectRoot = "";
			targets = (
				FBF3C85016B920D400790005 /* DimBoard */,
			);
		};
/* End PBXProject section */

/* Begin PBXResourcesBuildPhase section */
		FBF3C84F16B920D400790005 /* Resources */ = {
			isa = PBXResourcesBuildPhase;
			buildActionMask = 2147483647;
			files = (
				35AB6DF816BEA10000795E57 /* Default-568h@2x.png in Resources */,
				D0B17D4116E9F3E800097A07 /* AddRecordViewController.xib in Resources */,
				D0B17D4416E9F3E800097A07 /* BankPickerViewController.xib in Resources */,
				D0B17D4716E9F3E800097A07 /* DatePickerViewController.xib in Resources */,
				D0B17D4B16E9F3E800097A07 /* GridCellViewController.xib in Resources */,
				D0B17D4E16E9F3E800097A07 /* InputCellViewController.xib in Resources */,
				D0B17D5116E9F3E800097A07 /* MortgageCalViewController.xib in Resources */,
				D0B17D5416E9F3E800097A07 /* MortgageDetailViewController.xib in Resources */,
				D0B17D5616E9F3E800097A07 /* MortgageMonthlyPayViewController.xib in Resources */,
				D0B17D5B16E9F3E800097A07 /* MortgageRecordViewController.xib in Resources */,
				D0B17D6016E9F3E800097A07 /* PieChartCellViewController.xib in Resources */,
				D0B17D6316E9F3E800097A07 /* RecordCellViewController.xib in Resources */,
				D0B17D6516E9F3E800097A07 /* RecordDetailViewController.xib in Resources */,
				D0B17D6816E9F3E800097A07 /* SliderCellViewController.xib in Resources */,
				FB7ADE2716F1767500CB0263 /* add.png in Resources */,
				FB7ADE2816F1767500CB0263 /* add2.png in Resources */,
				FB7ADE2916F1767500CB0263 /* cal.png in Resources */,
				FB7ADE2A16F1767500CB0263 /* down.png in Resources */,
				FB7ADE2B16F1767500CB0263 /* house1.png in Resources */,
				FB7ADE2C16F1767500CB0263 /* house2.png in Resources */,
				FB7ADE2D16F1767500CB0263 /* house3.png in Resources */,
				FB7ADE2E16F1767500CB0263 /* icon_128x128.png in Resources */,
				FB7ADE2F16F1767500CB0263 /* icon_16x16.png in Resources */,
				FB7ADE3016F1767500CB0263 /* icon_256x256.png in Resources */,
				FB7ADE3116F1767500CB0263 /* icon_32x32.png in Resources */,
				FB7ADE3216F1767500CB0263 /* icon_64x64.png in Resources */,
				FB7ADE3316F1767500CB0263 /* minus.png in Resources */,
				FB7ADE3416F1767500CB0263 /* minus2.png in Resources */,
				FB7ADE3516F1767500CB0263 /* record.png in Resources */,
				FB7ADE3616F1767500CB0263 /* up.png in Resources */,
				FB7ADE3916F176CF00CB0263 /* Localizable.strings in Resources */,
			);
			runOnlyForDeploymentPostprocessing = 0;
		};
/* End PBXResourcesBuildPhase section */

/* Begin PBXSourcesBuildPhase section */
		FBF3C84D16B920D400790005 /* Sources */ = {
			isa = PBXSourcesBuildPhase;
			buildActionMask = 2147483647;
			files = (
				FBF3C86216B920D400790005 /* main.m in Sources */,
				FB78592916C1040100C63D08 /* XYPieChart.m in Sources */,
				D0B17D4016E9F3E800097A07 /* AddRecordViewController.m in Sources */,
				D0B17D4216E9F3E800097A07 /* AppDelegate.m in Sources */,
				D0B17D4316E9F3E800097A07 /* BankPickerViewController.m in Sources */,
				D0B17D4516E9F3E800097A07 /* Calculator.m in Sources */,
				D0B17D4616E9F3E800097A07 /* DatePickerViewController.m in Sources */,
				D0B17D4816E9F3E800097A07 /* DimBoardTabBarViewController.m in Sources */,
				D0B17D4916E9F3E800097A07 /* GridCell.m in Sources */,
				D0B17D4A16E9F3E800097A07 /* GridCellViewController.m in Sources */,
				D0B17D4C16E9F3E800097A07 /* InputCell.m in Sources */,
				D0B17D4D16E9F3E800097A07 /* InputCellViewController.m in Sources */,
				D0B17D5016E9F3E800097A07 /* MortgageCalViewController.m in Sources */,
				D0B17D5216E9F3E800097A07 /* MortgageDataType.m in Sources */,
				D0B17D5316E9F3E800097A07 /* MortgageDetailViewController.m in Sources */,
				D0B17D5516E9F3E800097A07 /* MortgageMonthlyPayViewController.m in Sources */,
				D0B17D5916E9F3E800097A07 /* MortgageRecordIO.m in Sources */,
				D0B17D5A16E9F3E800097A07 /* MortgageRecordViewController.m in Sources */,
				D0B17D5E16E9F3E800097A07 /* PieChartCell.m in Sources */,
				D0B17D5F16E9F3E800097A07 /* PieChartCellViewController.m in Sources */,
				D0B17D6116E9F3E800097A07 /* RecordCell.m in Sources */,
				D0B17D6216E9F3E800097A07 /* RecordCellViewController.m in Sources */,
				D0B17D6416E9F3E800097A07 /* RecordDetailViewController.m in Sources */,
				D0B17D6616E9F3E800097A07 /* SliderCell.m in Sources */,
				D0B17D6716E9F3E800097A07 /* SliderCellViewController.m in Sources */,
			);
			runOnlyForDeploymentPostprocessing = 0;
		};
/* End PBXSourcesBuildPhase section */

/* Begin PBXVariantGroup section */
		FB7ADE3B16F176CF00CB0263 /* Localizable.strings */ = {
			isa = PBXVariantGroup;
			children = (
				FB7ADE3A16F176CF00CB0263 /* en */,
			);
			name = Localizable.strings;
			sourceTree = "<group>";
		};
/* End PBXVariantGroup section */

/* Begin XCBuildConfiguration section */
		FBF3C86D16B920D400790005 /* Debug */ = {
			isa = XCBuildConfiguration;
			buildSettings = {
				ALWAYS_SEARCH_USER_PATHS = NO;
				ARCHS = "$(ARCHS_STANDARD_32_BIT)";
				CLANG_CXX_LANGUAGE_STANDARD = "gnu++0x";
				CLANG_ENABLE_OBJC_ARC = YES;
				CLANG_WARN_CONSTANT_CONVERSION = YES;
				CLANG_WARN_ENUM_CONVERSION = YES;
				CLANG_WARN_INT_CONVERSION = YES;
				CLANG_WARN__DUPLICATE_METHOD_MATCH = YES;
				CODE_SIGN_IDENTITY = "iPhone Developer: Yuanyuan Cui (W4LQ38N2T4)";
				"CODE_SIGN_IDENTITY[sdk=iphoneos*]" = "iPhone Developer: Yuanyuan Cui (W4LQ38N2T4)";
				COPY_PHASE_STRIP = NO;
				GCC_C_LANGUAGE_STANDARD = gnu99;
				GCC_DYNAMIC_NO_PIC = NO;
				GCC_OPTIMIZATION_LEVEL = 0;
				GCC_PREPROCESSOR_DEFINITIONS = (
					"DEBUG=1",
					"$(inherited)",
				);
				GCC_SYMBOLS_PRIVATE_EXTERN = NO;
				GCC_VERSION = com.apple.compilers.llvm.clang.1_0;
				GCC_WARN_ABOUT_RETURN_TYPE = YES;
				GCC_WARN_UNINITIALIZED_AUTOS = YES;
				GCC_WARN_UNUSED_VARIABLE = YES;
				IPHONEOS_DEPLOYMENT_TARGET = 5.1;
				PROVISIONING_PROFILE = "";
				"PROVISIONING_PROFILE[sdk=iphoneos*]" = "";
				SDKROOT = iphoneos;
			};
			name = Debug;
		};
		FBF3C86E16B920D400790005 /* Release */ = {
			isa = XCBuildConfiguration;
			buildSettings = {
				ALWAYS_SEARCH_USER_PATHS = NO;
				ARCHS = "$(ARCHS_STANDARD_32_BIT)";
				CLANG_CXX_LANGUAGE_STANDARD = "gnu++0x";
				CLANG_ENABLE_OBJC_ARC = YES;
				CLANG_WARN_CONSTANT_CONVERSION = YES;
				CLANG_WARN_ENUM_CONVERSION = YES;
				CLANG_WARN_INT_CONVERSION = YES;
				CLANG_WARN__DUPLICATE_METHOD_MATCH = YES;
				CODE_SIGN_IDENTITY = "iPhone Developer: Yuanyuan Cui (W4LQ38N2T4)";
				"CODE_SIGN_IDENTITY[sdk=iphoneos*]" = "iPhone Developer: Yuanyuan Cui (W4LQ38N2T4)";
				COPY_PHASE_STRIP = YES;
				GCC_C_LANGUAGE_STANDARD = gnu99;
				GCC_VERSION = com.apple.compilers.llvm.clang.1_0;
				GCC_WARN_ABOUT_RETURN_TYPE = YES;
				GCC_WARN_UNINITIALIZED_AUTOS = YES;
				GCC_WARN_UNUSED_VARIABLE = YES;
				IPHONEOS_DEPLOYMENT_TARGET = 5.1;
				OTHER_CFLAGS = "-DNS_BLOCK_ASSERTIONS=1";
				PROVISIONING_PROFILE = "";
				"PROVISIONING_PROFILE[sdk=iphoneos*]" = "";
				SDKROOT = iphoneos;
				VALIDATE_PRODUCT = YES;
			};
			name = Release;
		};
		FBF3C87016B920D400790005 /* Debug */ = {
			isa = XCBuildConfiguration;
			buildSettings = {
				CODE_SIGN_IDENTITY = "iPhone Developer: Yuanyuan Cui (W4LQ38N2T4)";
				"CODE_SIGN_IDENTITY[sdk=iphoneos*]" = "iPhone Developer: Yuanyuan Cui (W4LQ38N2T4)";
				GCC_PRECOMPILE_PREFIX_HEADER = YES;
				GCC_PREFIX_HEADER = "DimBoard/DimBoard-Prefix.pch";
				INFOPLIST_FILE = "DimBoard/DimBoard-Info.plist";
				PRODUCT_NAME = "$(TARGET_NAME)";
				PROVISIONING_PROFILE = "";
				"PROVISIONING_PROFILE[sdk=iphoneos*]" = "";
				WRAPPER_EXTENSION = app;
			};
			name = Debug;
		};
		FBF3C87116B920D400790005 /* Release */ = {
			isa = XCBuildConfiguration;
			buildSettings = {
				CODE_SIGN_IDENTITY = "iPhone Developer: Yuanyuan Cui (W4LQ38N2T4)";
				"CODE_SIGN_IDENTITY[sdk=iphoneos*]" = "iPhone Developer: Yuanyuan Cui (W4LQ38N2T4)";
				GCC_PRECOMPILE_PREFIX_HEADER = YES;
				GCC_PREFIX_HEADER = "DimBoard/DimBoard-Prefix.pch";
				INFOPLIST_FILE = "DimBoard/DimBoard-Info.plist";
				PRODUCT_NAME = "$(TARGET_NAME)";
				PROVISIONING_PROFILE = "";
				"PROVISIONING_PROFILE[sdk=iphoneos*]" = "";
				WRAPPER_EXTENSION = app;
			};
			name = Release;
		};
/* End XCBuildConfiguration section */

/* Begin XCConfigurationList section */
		FBF3C84B16B920D400790005 /* Build configuration list for PBXProject "DimBoard" */ = {
			isa = XCConfigurationList;
			buildConfigurations = (
				FBF3C86D16B920D400790005 /* Debug */,
				FBF3C86E16B920D400790005 /* Release */,
			);
			defaultConfigurationIsVisible = 0;
			defaultConfigurationName = Release;
		};
		FBF3C86F16B920D400790005 /* Build configuration list for PBXNativeTarget "DimBoard" */ = {
			isa = XCConfigurationList;
			buildConfigurations = (
				FBF3C87016B920D400790005 /* Debug */,
				FBF3C87116B920D400790005 /* Release */,
			);
			defaultConfigurationIsVisible = 0;
			defaultConfigurationName = Release;
		};
/* End XCConfigurationList section */
	};
	rootObject = FBF3C84816B920D400790005 /* Project object */;
}
